
Microsoft Visual Studio Solution File, Format Version 12.00
# Visual Studio Version 16
VisualStudioVersion = 16.0.31829.152
MinimumVisualStudioVersion = 10.0.40219.1
Project("{FAE04EC0-301F-11D3-BF4B-00C04F79EFBC}") = "RazerFun", "RazerFun\RazerFun.csproj", "{73F2717C-1A08-46F3-BC26-5C38D015A422}"
EndProject
Global
	GlobalSection(SolutionConfigurationPlatforms) = preSolution
		Debug|Any CPU = Debug|Any CPU
		Release|Any CPU = Release|Any CPU
	EndGlobalSection
	GlobalSection(ProjectConfigurationPlatforms) = postSolution
		{73F2717C-1A08-46F3-BC26-5C38D015A422}.Debug|Any CPU.ActiveCfg = Debug|Any CPU
		{73F2717C-1A08-46F3-BC26-5C38D015A422}.Debug|Any CPU.Build.0 = Debug|Any CPU
		{73F2717C-1A08-46F3-BC26-5C38D015A422}.Release|Any CPU.ActiveCfg = Release|Any CPU
		{73F2717C-1A08-46F3-BC26-5C38D015A422}.Release|Any CPU.Build.0 = Release|Any CPU
	EndGlobalSection
	GlobalSection(SolutionProperties) = preSolution
		HideSolutionNode = FALSE
	EndGlobalSection
	GlobalSection(ExtensibilityGlobals) = postSolution
		SolutionGuid = {59CE3580-A9C6-40C6-A884-AA43015E864A}
	EndGlobalSection
EndGlobal
